
Microsoft Visual Studio Solution File, Format Version 12.00
# Visual Studio Version 17
VisualStudioVersion = 17.4.33110.190
MinimumVisualStudioVersion = 10.0.40219.1
Project("{FAE04EC0-301F-11D3-BF4B-00C04F79EFBC}") = "FlightSearchAssingment", "FlightSearchAssingment.csproj", "{95B08C51-0BE0-4BB3-9BEB-92422EFFBAFC}"
EndProject
Project("{FAE04EC0-301F-11D3-BF4B-00C04F79EFBC}") = "DataSeeding", "..\DataSeeding\DataSeeding.csproj", "{7E3077E9-B2D7-408B-8525-1C776980179D}"
EndProject
Global
	GlobalSection(SolutionConfigurationPlatforms) = preSolution
		Debug|Any CPU = Debug|Any CPU
		Release|Any CPU = Release|Any CPU
	EndGlobalSection
	GlobalSection(ProjectConfigurationPlatforms) = postSolution
		{95B08C51-0BE0-4BB3-9BEB-92422EFFBAFC}.Debug|Any CPU.ActiveCfg = Debug|Any CPU
		{95B08C51-0BE0-4BB3-9BEB-92422EFFBAFC}.Debug|Any CPU.Build.0 = Debug|Any CPU
		{95B08C51-0BE0-4BB3-9BEB-92422EFFBAFC}.Release|Any CPU.ActiveCfg = Release|Any CPU
		{95B08C51-0BE0-4BB3-9BEB-92422EFFBAFC}.Release|Any CPU.Build.0 = Release|Any CPU
		{7E3077E9-B2D7-408B-8525-1C776980179D}.Debug|Any CPU.ActiveCfg = Debug|Any CPU
		{7E3077E9-B2D7-408B-8525-1C776980179D}.Debug|Any CPU.Build.0 = Debug|Any CPU
		{7E3077E9-B2D7-408B-8525-1C776980179D}.Release|Any CPU.ActiveCfg = Release|Any CPU
		{7E3077E9-B2D7-408B-8525-1C776980179D}.Release|Any CPU.Build.0 = Release|Any CPU
	EndGlobalSection
	GlobalSection(SolutionProperties) = preSolution
		HideSolutionNode = FALSE
	EndGlobalSection
	GlobalSection(ExtensibilityGlobals) = postSolution
		SolutionGuid = {38C27805-52AD-4211-B9D2-2F7DA94709E9}
	EndGlobalSection
EndGlobal
